// !$*UTF8*$!
{
	archiveVersion = 1;
	classes = {
	};
	objectVersion = 56;
	objects = {

/* Begin PBXBuildFile section */
		1322948F299A355300C4938B /* AppDelegate.swift in Sources */ = {isa = PBXBuildFile; fileRef = 1322948E299A355300C4938B /* AppDelegate.swift */; };
		13229491299A355300C4938B /* SceneDelegate.swift in Sources */ = {isa = PBXBuildFile; fileRef = 13229490299A355300C4938B /* SceneDelegate.swift */; };
		13229493299A355300C4938B /* ViewController.swift in Sources */ = {isa = PBXBuildFile; fileRef = 13229492299A355300C4938B /* ViewController.swift */; };
		13229496299A355300C4938B /* Main.storyboard in Resources */ = {isa = PBXBuildFile; fileRef = 13229494299A355300C4938B /* Main.storyboard */; };
		13229499299A355300C4938B /* BoxOffice4SIM3.xcdatamodeld in Sources */ = {isa = PBXBuildFile; fileRef = 13229497299A355300C4938B /* BoxOffice4SIM3.xcdatamodeld */; };
		1322949B299A355500C4938B /* Assets.xcassets in Resources */ = {isa = PBXBuildFile; fileRef = 1322949A299A355500C4938B /* Assets.xcassets */; };
		1322949E299A355500C4938B /* LaunchScreen.storyboard in Resources */ = {isa = PBXBuildFile; fileRef = 1322949C299A355500C4938B /* LaunchScreen.storyboard */; };
		137BB431299E64D700B8BE2E /* DetailsViewController.swift in Sources */ = {isa = PBXBuildFile; fileRef = 137BB430299E64D700B8BE2E /* DetailsViewController.swift */; };
		13A5DA1A29A79CF6006A1025 /* FavoritesViewController.swift in Sources */ = {isa = PBXBuildFile; fileRef = 13A5DA1929A79CF6006A1025 /* FavoritesViewController.swift */; };
		13C9484E29BA2BFB000DC1BB /* Consts.swift in Sources */ = {isa = PBXBuildFile; fileRef = 13C9484D29BA2BFB000DC1BB /* Consts.swift */; };
		13C9485129BA2CF4000DC1BB /* Movie.swift in Sources */ = {isa = PBXBuildFile; fileRef = 13C9485029BA2CF4000DC1BB /* Movie.swift */; };
/* End PBXBuildFile section */

/* Begin PBXFileReference section */
		1322948B299A355300C4938B /* BoxOffice4SIM3.app */ = {isa = PBXFileReference; explicitFileType = wrapper.application; includeInIndex = 0; path = BoxOffice4SIM3.app; sourceTree = BUILT_PRODUCTS_DIR; };
		1322948E299A355300C4938B /* AppDelegate.swift */ = {isa = PBXFileReference; lastKnownFileType = sourcecode.swift; path = AppDelegate.swift; sourceTree = "<group>"; };
		13229490299A355300C4938B /* SceneDelegate.swift */ = {isa = PBXFileReference; lastKnownFileType = sourcecode.swift; path = SceneDelegate.swift; sourceTree = "<group>"; };
		13229492299A355300C4938B /* ViewController.swift */ = {isa = PBXFileReference; lastKnownFileType = sourcecode.swift; path = ViewController.swift; sourceTree = "<group>"; };
		13229495299A355300C4938B /* Base */ = {isa = PBXFileReference; lastKnownFileType = file.storyboard; name = Base; path = Base.lproj/Main.storyboard; sourceTree = "<group>"; };
		13229498299A355300C4938B /* BoxOffice4SIM3.xcdatamodel */ = {isa = PBXFileReference; lastKnownFileType = wrapper.xcdatamodel; path = BoxOffice4SIM3.xcdatamodel; sourceTree = "<group>"; };
		1322949A299A355500C4938B /* Assets.xcassets */ = {isa = PBXFileReference; lastKnownFileType = folder.assetcatalog; path = Assets.xcassets; sourceTree = "<group>"; };
		1322949D299A355500C4938B /* Base */ = {isa = PBXFileReference; lastKnownFileType = file.storyboard; name = Base; path = Base.lproj/LaunchScreen.storyboard; sourceTree = "<group>"; };
		1322949F299A355500C4938B /* Info.plist */ = {isa = PBXFileReference; lastKnownFileType = text.plist.xml; path = Info.plist; sourceTree = "<group>"; };
		137BB430299E64D700B8BE2E /* DetailsViewController.swift */ = {isa = PBXFileReference; lastKnownFileType = sourcecode.swift; path = DetailsViewController.swift; sourceTree = "<group>"; };
		13A5DA1929A79CF6006A1025 /* FavoritesViewController.swift */ = {isa = PBXFileReference; lastKnownFileType = sourcecode.swift; path = FavoritesViewController.swift; sourceTree = "<group>"; };
		13C9484D29BA2BFB000DC1BB /* Consts.swift */ = {isa = PBXFileReference; lastKnownFileType = sourcecode.swift; path = Consts.swift; sourceTree = "<group>"; };
		13C9485029BA2CF4000DC1BB /* Movie.swift */ = {isa = PBXFileReference; lastKnownFileType = sourcecode.swift; path = Movie.swift; sourceTree = "<group>"; };
/* End PBXFileReference section */

/* Begin PBXFrameworksBuildPhase section */
		13229488299A355300C4938B /* Frameworks */ = {
			isa = PBXFrameworksBuildPhase;
			buildActionMask = 2147483647;
			files = (
			);
			runOnlyForDeploymentPostprocessing = 0;
		};
/* End PBXFrameworksBuildPhase section */

/* Begin PBXGroup section */
		13229482299A355300C4938B = {
			isa = PBXGroup;
			children = (
				1322948D299A355300C4938B /* BoxOffice4SIM3 */,
				1322948C299A355300C4938B /* Products */,
			);
			sourceTree = "<group>";
		};
		1322948C299A355300C4938B /* Products */ = {
			isa = PBXGroup;
			children = (
				1322948B299A355300C4938B /* BoxOffice4SIM3.app */,
			);
			name = Products;
			sourceTree = "<group>";
		};
		1322948D299A355300C4938B /* BoxOffice4SIM3 */ = {
			isa = PBXGroup;
			children = (
				13C9484F29BA2CE0000DC1BB /* data */,
				13C9484C29BA2BE1000DC1BB /* helpers */,
				13A5DA1929A79CF6006A1025 /* FavoritesViewController.swift */,
				1322948E299A355300C4938B /* AppDelegate.swift */,
				13229490299A355300C4938B /* SceneDelegate.swift */,
				13229492299A355300C4938B /* ViewController.swift */,
				13229494299A355300C4938B /* Main.storyboard */,
				1322949A299A355500C4938B /* Assets.xcassets */,
				1322949C299A355500C4938B /* LaunchScreen.storyboard */,
				1322949F299A355500C4938B /* Info.plist */,
				13229497299A355300C4938B /* BoxOffice4SIM3.xcdatamodeld */,
				137BB430299E64D700B8BE2E /* DetailsViewController.swift */,
			);
			path = BoxOffice4SIM3;
			sourceTree = "<group>";
		};
		13C9484C29BA2BE1000DC1BB /* helpers */ = {
			isa = PBXGroup;
			children = (
				13C9484D29BA2BFB000DC1BB /* Consts.swift */,
			);
			path = helpers;
			sourceTree = "<group>";
		};
		13C9484F29BA2CE0000DC1BB /* data */ = {
			isa = PBXGroup;
			children = (
				13C9485029BA2CF4000DC1BB /* Movie.swift */,
			);
			path = data;
			sourceTree = "<group>";
		};
/* End PBXGroup section */

/* Begin PBXNativeTarget section */
		1322948A299A355300C4938B /* BoxOffice4SIM3 */ = {
			isa = PBXNativeTarget;
			buildConfigurationList = 132294A2299A355500C4938B /* Build configuration list for PBXNativeTarget "BoxOffice4SIM3" */;
			buildPhases = (
				13229487299A355300C4938B /* Sources */,
				13229488299A355300C4938B /* Frameworks */,
				13229489299A355300C4938B /* Resources */,
			);
			buildRules = (
			);
			dependencies = (
			);
			name = BoxOffice4SIM3;
			productName = BoxOffice4SIM3;
			productReference = 1322948B299A355300C4938B /* BoxOffice4SIM3.app */;
			productType = "com.apple.product-type.application";
		};
/* End PBXNativeTarget section */

/* Begin PBXProject section */
		13229483299A355300C4938B /* Project object */ = {
			isa = PBXProject;
			attributes = {
				BuildIndependentTargetsInParallel = 1;
				LastSwiftUpdateCheck = 1410;
				LastUpgradeCheck = 1410;
				TargetAttributes = {
					1322948A299A355300C4938B = {
						CreatedOnToolsVersion = 14.1;
					};
				};
			};
			buildConfigurationList = 13229486299A355300C4938B /* Build configuration list for PBXProject "BoxOffice4SIM3" */;
			compatibilityVersion = "Xcode 14.0";
			developmentRegion = en;
			hasScannedForEncodings = 0;
			knownRegions = (
				en,
				Base,
			);
			mainGroup = 13229482299A355300C4938B;
			productRefGroup = 1322948C299A355300C4938B /* Products */;
			projectDirPath = "";
			projectRoot = "";
			targets = (
				1322948A299A355300C4938B /* BoxOffice4SIM3 */,
			);
		};
/* End PBXProject section */

/* Begin PBXResourcesBuildPhase section */
		13229489299A355300C4938B /* Resources */ = {
			isa = PBXResourcesBuildPhase;
			buildActionMask = 2147483647;
			files = (
				1322949E299A355500C4938B /* LaunchScreen.storyboard in Resources */,
				1322949B299A355500C4938B /* Assets.xcassets in Resources */,
				13229496299A355300C4938B /* Main.storyboard in Resources */,
			);
			runOnlyForDeploymentPostprocessing = 0;
		};
/* End PBXResourcesBuildPhase section */

/* Begin PBXSourcesBuildPhase section */
		13229487299A355300C4938B /* Sources */ = {
			isa = PBXSourcesBuildPhase;
			buildActionMask = 2147483647;
			files = (
				13229499299A355300C4938B /* BoxOffice4SIM3.xcdatamodeld in Sources */,
				13229493299A355300C4938B /* ViewController.swift in Sources */,
				1322948F299A355300C4938B /* AppDelegate.swift in Sources */,
				13229491299A355300C4938B /* SceneDelegate.swift in Sources */,
				13C9484E29BA2BFB000DC1BB /* Consts.swift in Sources */,
				13A5DA1A29A79CF6006A1025 /* FavoritesViewController.swift in Sources */,
				13C9485129BA2CF4000DC1BB /* Movie.swift in Sources */,
				137BB431299E64D700B8BE2E /* DetailsViewController.swift in Sources */,
			);
			runOnlyForDeploymentPostprocessing = 0;
		};
/* End PBXSourcesBuildPhase section */

/* Begin PBXVariantGroup section */
		13229494299A355300C4938B /* Main.storyboard */ = {
			isa = PBXVariantGroup;
			children = (
				13229495299A355300C4938B /* Base */,
			);
			name = Main.storyboard;
			sourceTree = "<group>";
		};
		1322949C299A355500C4938B /* LaunchScreen.storyboard */ = {
			isa = PBXVariantGroup;
			children = (
				1322949D299A355500C4938B /* Base */,
			);
			name = LaunchScreen.storyboard;
			sourceTree = "<group>";
		};
/* End PBXVariantGroup section */

/* Begin XCBuildConfiguration section */
		132294A0299A355500C4938B /* Debug */ = {
			isa = XCBuildConfiguration;
			buildSettings = {
				ALWAYS_SEARCH_USER_PATHS = NO;
				CLANG_ANALYZER_NONNULL = YES;
				CLANG_ANALYZER_NUMBER_OBJECT_CONVERSION = YES_AGGRESSIVE;
				CLANG_CXX_LANGUAGE_STANDARD = "gnu++20";
				CLANG_ENABLE_MODULES = YES;
				CLANG_ENABLE_OBJC_ARC = YES;
				CLANG_ENABLE_OBJC_WEAK = YES;
				CLANG_WARN_BLOCK_CAPTURE_AUTORELEASING = YES;
				CLANG_WARN_BOOL_CONVERSION = YES;
				CLANG_WARN_COMMA = YES;
				CLANG_WARN_CONSTANT_CONVERSION = YES;
				CLANG_WARN_DEPRECATED_OBJC_IMPLEMENTATIONS = YES;
				CLANG_WARN_DIRECT_OBJC_ISA_USAGE = YES_ERROR;
				CLANG_WARN_DOCUMENTATION_COMMENTS = YES;
				CLANG_WARN_EMPTY_BODY = YES;
				CLANG_WARN_ENUM_CONVERSION = YES;
				CLANG_WARN_INFINITE_RECURSION = YES;
				CLANG_WARN_INT_CONVERSION = YES;
				CLANG_WARN_NON_LITERAL_NULL_CONVERSION = YES;
				CLANG_WARN_OBJC_IMPLICIT_RETAIN_SELF = YES;
				CLANG_WARN_OBJC_LITERAL_CONVERSION = YES;
				CLANG_WARN_OBJC_ROOT_CLASS = YES_ERROR;
				CLANG_WARN_QUOTED_INCLUDE_IN_FRAMEWORK_HEADER = YES;
				CLANG_WARN_RANGE_LOOP_ANALYSIS = YES;
				CLANG_WARN_STRICT_PROTOTYPES = YES;
				CLANG_WARN_SUSPICIOUS_MOVE = YES;
				CLANG_WARN_UNGUARDED_AVAILABILITY = YES_AGGRESSIVE;
				CLANG_WARN_UNREACHABLE_CODE = YES;
				CLANG_WARN__DUPLICATE_METHOD_MATCH = YES;
				COPY_PHASE_STRIP = NO;
				DEBUG_INFORMATION_FORMAT = dwarf;
				ENABLE_STRICT_OBJC_MSGSEND = YES;
				ENABLE_TESTABILITY = YES;
				GCC_C_LANGUAGE_STANDARD = gnu11;
				GCC_DYNAMIC_NO_PIC = NO;
				GCC_NO_COMMON_BLOCKS = YES;
				GCC_OPTIMIZATION_LEVEL = 0;
				GCC_PREPROCESSOR_DEFINITIONS = (
					"DEBUG=1",
					"$(inherited)",
				);
				GCC_WARN_64_TO_32_BIT_CONVERSION = YES;
				GCC_WARN_ABOUT_RETURN_TYPE = YES_ERROR;
				GCC_WARN_UNDECLARED_SELECTOR = YES;
				GCC_WARN_UNINITIALIZED_AUTOS = YES_AGGRESSIVE;
				GCC_WARN_UNUSED_FUNCTION = YES;
				GCC_WARN_UNUSED_VARIABLE = YES;
				IPHONEOS_DEPLOYMENT_TARGET = 16.1;
				MTL_ENABLE_DEBUG_INFO = INCLUDE_SOURCE;
				MTL_FAST_MATH = YES;
				ONLY_ACTIVE_ARCH = YES;
				SDKROOT = iphoneos;
				SWIFT_ACTIVE_COMPILATION_CONDITIONS = DEBUG;
				SWIFT_OPTIMIZATION_LEVEL = "-Onone";
			};
			name = Debug;
		};
		132294A1299A355500C4938B /* Release */ = {
			isa = XCBuildConfiguration;
			buildSettings = {
				ALWAYS_SEARCH_USER_PATHS = NO;
				CLANG_ANALYZER_NONNULL = YES;
				CLANG_ANALYZER_NUMBER_OBJECT_CONVERSION = YES_AGGRESSIVE;
				CLANG_CXX_LANGUAGE_STANDARD = "gnu++20";
				CLANG_ENABLE_MODULES = YES;
				CLANG_ENABLE_OBJC_ARC = YES;
				CLANG_ENABLE_OBJC_WEAK = YES;
				CLANG_WARN_BLOCK_CAPTURE_AUTORELEASING = YES;
				CLANG_WARN_BOOL_CONVERSION = YES;
				CLANG_WARN_COMMA = YES;
				CLANG_WARN_CONSTANT_CONVERSION = YES;
				CLANG_WARN_DEPRECATED_OBJC_IMPLEMENTATIONS = YES;
				CLANG_WARN_DIRECT_OBJC_ISA_USAGE = YES_ERROR;
				CLANG_WARN_DOCUMENTATION_COMMENTS = YES;
				CLANG_WARN_EMPTY_BODY = YES;
				CLANG_WARN_ENUM_CONVERSION = YES;
				CLANG_WARN_INFINITE_RECURSION = YES;
				CLANG_WARN_INT_CONVERSION = YES;
				CLANG_WARN_NON_LITERAL_NULL_CONVERSION = YES;
				CLANG_WARN_OBJC_IMPLICIT_RETAIN_SELF = YES;
				CLANG_WARN_OBJC_LITERAL_CONVERSION = YES;
				CLANG_WARN_OBJC_ROOT_CLASS = YES_ERROR;
				CLANG_WARN_QUOTED_INCLUDE_IN_FRAMEWORK_HEADER = YES;
				CLANG_WARN_RANGE_LOOP_ANALYSIS = YES;
				CLANG_WARN_STRICT_PROTOTYPES = YES;
				CLANG_WARN_SUSPICIOUS_MOVE = YES;
				CLANG_WARN_UNGUARDED_AVAILABILITY = YES_AGGRESSIVE;
				CLANG_WARN_UNREACHABLE_CODE = YES;
				CLANG_WARN__DUPLICATE_METHOD_MATCH = YES;
				COPY_PHASE_STRIP = NO;
				DEBUG_INFORMATION_FORMAT = "dwarf-with-dsym";
				ENABLE_NS_ASSERTIONS = NO;
				ENABLE_STRICT_OBJC_MSGSEND = YES;
				GCC_C_LANGUAGE_STANDARD = gnu11;
				GCC_NO_COMMON_BLOCKS = YES;
				GCC_WARN_64_TO_32_BIT_CONVERSION = YES;
				GCC_WARN_ABOUT_RETURN_TYPE = YES_ERROR;
				GCC_WARN_UNDECLARED_SELECTOR = YES;
				GCC_WARN_UNINITIALIZED_AUTOS = YES_AGGRESSIVE;
				GCC_WARN_UNUSED_FUNCTION = YES;
				GCC_WARN_UNUSED_VARIABLE = YES;
				IPHONEOS_DEPLOYMENT_TARGET = 16.1;
				MTL_ENABLE_DEBUG_INFO = NO;
				MTL_FAST_MATH = YES;
				SDKROOT = iphoneos;
				SWIFT_COMPILATION_MODE = wholemodule;
				SWIFT_OPTIMIZATION_LEVEL = "-O";
				VALIDATE_PRODUCT = YES;
			};
			name = Release;
		};
		132294A3299A355500C4938B /* Debug */ = {
			isa = XCBuildConfiguration;
			buildSettings = {
				ASSETCATALOG_COMPILER_APPICON_NAME = AppIcon;
				ASSETCATALOG_COMPILER_GLOBAL_ACCENT_COLOR_NAME = AccentColor;
				CODE_SIGN_STYLE = Automatic;
				CURRENT_PROJECT_VERSION = 1;
				GENERATE_INFOPLIST_FILE = YES;
				INFOPLIST_FILE = BoxOffice4SIM3/Info.plist;
				INFOPLIST_KEY_UIApplicationSupportsIndirectInputEvents = YES;
				INFOPLIST_KEY_UILaunchStoryboardName = LaunchScreen;
				INFOPLIST_KEY_UIMainStoryboardFile = Main;
				INFOPLIST_KEY_UISupportedInterfaceOrientations_iPad = "UIInterfaceOrientationPortrait UIInterfaceOrientationPortraitUpsideDown UIInterfaceOrientationLandscapeLeft UIInterfaceOrientationLandscapeRight";
				INFOPLIST_KEY_UISupportedInterfaceOrientations_iPhone = "UIInterfaceOrientationPortrait UIInterfaceOrientationLandscapeLeft UIInterfaceOrientationLandscapeRight";
				LD_RUNPATH_SEARCH_PATHS = (
					"$(inherited)",
					"@executable_path/Frameworks",
				);
				MARKETING_VERSION = 1.0;
				PRODUCT_BUNDLE_IDENTIFIER = tech.droidzed.BoxOffice4SIM3;
				PRODUCT_NAME = "$(TARGET_NAME)";
				SWIFT_EMIT_LOC_STRINGS = YES;
				SWIFT_VERSION = 5.0;
				TARGETED_DEVICE_FAMILY = "1,2";
			};
			name = Debug;
		};
		132294A4299A355500C4938B /* Release */ = {
			isa = XCBuildConfiguration;
			buildSettings = {
				ASSETCATALOG_COMPILER_APPICON_NAME = AppIcon;
				ASSETCATALOG_COMPILER_GLOBAL_ACCENT_COLOR_NAME = AccentColor;
				CODE_SIGN_STYLE = Automatic;
				CURRENT_PROJECT_VERSION = 1;
				GENERATE_INFOPLIST_FILE = YES;
				INFOPLIST_FILE = BoxOffice4SIM3/Info.plist;
				INFOPLIST_KEY_UIApplicationSupportsIndirectInputEvents = YES;
				INFOPLIST_KEY_UILaunchStoryboardName = LaunchScreen;
				INFOPLIST_KEY_UIMainStoryboardFile = Main;
				INFOPLIST_KEY_UISupportedInterfaceOrientations_iPad = "UIInterfaceOrientationPortrait UIInterfaceOrientationPortraitUpsideDown UIInterfaceOrientationLandscapeLeft UIInterfaceOrientationLandscapeRight";
				INFOPLIST_KEY_UISupportedInterfaceOrientations_iPhone = "UIInterfaceOrientationPortrait UIInterfaceOrientationLandscapeLeft UIInterfaceOrientationLandscapeRight";
				LD_RUNPATH_SEARCH_PATHS = (
					"$(inherited)",
					"@executable_path/Frameworks",
				);
				MARKETING_VERSION = 1.0;
				PRODUCT_BUNDLE_IDENTIFIER = tech.droidzed.BoxOffice4SIM3;
				PRODUCT_NAME = "$(TARGET_NAME)";
				SWIFT_EMIT_LOC_STRINGS = YES;
				SWIFT_VERSION = 5.0;
				TARGETED_DEVICE_FAMILY = "1,2";
			};
			name = Release;
		};
/* End XCBuildConfiguration section */

/* Begin XCConfigurationList section */
		13229486299A355300C4938B /* Build configuration list for PBXProject "BoxOffice4SIM3" */ = {
			isa = XCConfigurationList;
			buildConfigurations = (
				132294A0299A355500C4938B /* Debug */,
				132294A1299A355500C4938B /* Release */,
			);
			defaultConfigurationIsVisible = 0;
			defaultConfigurationName = Release;
		};
		132294A2299A355500C4938B /* Build configuration list for PBXNativeTarget "BoxOffice4SIM3" */ = {
			isa = XCConfigurationList;
			buildConfigurations = (
				132294A3299A355500C4938B /* Debug */,
				132294A4299A355500C4938B /* Release */,
			);
			defaultConfigurationIsVisible = 0;
			defaultConfigurationName = Release;
		};
/* End XCConfigurationList section */

/* Begin XCVersionGroup section */
		13229497299A355300C4938B /* BoxOffice4SIM3.xcdatamodeld */ = {
			isa = XCVersionGroup;
			children = (
				13229498299A355300C4938B /* BoxOffice4SIM3.xcdatamodel */,
			);
			currentVersion = 13229498299A355300C4938B /* BoxOffice4SIM3.xcdatamodel */;
			path = BoxOffice4SIM3.xcdatamodeld;
			sourceTree = "<group>";
			versionGroupType = wrapper.xcdatamodel;
		};
/* End XCVersionGroup section */
	};
	rootObject = 13229483299A355300C4938B /* Project object */;
}
